
Microsoft Visual Studio Solution File, Format Version 12.00
# Visual Studio Version 17
VisualStudioVersion = 17.4.33122.133
MinimumVisualStudioVersion = 10.0.40219.1
Project("{9A19103F-16F7-4668-BE54-9A1E7A4F7556}") = "CSharpHomeTask", "CSharpHomeTask\CSharpHomeTask.csproj", "{E33FD013-DC4E-410F-AABD-685C2CDA0DF3}"
EndProject
Project("{9A19103F-16F7-4668-BE54-9A1E7A4F7556}") = "CSharpHomeTask2", "CSharpHomeTask2\CSharpHomeTask2.csproj", "{E5F5936E-9BCA-4AE3-8210-ED2CC9A183AE}"
EndProject
Project("{9A19103F-16F7-4668-BE54-9A1E7A4F7556}") = "CSharpHomeTask3", "CSharpHomeTask3\CSharpHomeTask3.csproj", "{54DCF4E5-05F7-42E4-96D4-FDC1EEEF841C}"
EndProject
Project("{FAE04EC0-301F-11D3-BF4B-00C04F79EFBC}") = "CSharpHomeTask4", "CSharpHomeTask4\CSharpHomeTask4.csproj", "{FBBED854-5560-45C9-A4FC-BAD754E12393}"
EndProject
Project("{FAE04EC0-301F-11D3-BF4B-00C04F79EFBC}") = "CSharpHomeTask5", "CSharpHomeTask5\CSharpHomeTask5.csproj", "{A8B76633-2FFE-4128-9F2A-9B23B93DF553}"
EndProject
Project("{FAE04EC0-301F-11D3-BF4B-00C04F79EFBC}") = "CSharpHomeTask6", "CSharpHomeTask6\CSharpHomeTask6.csproj", "{E6795D89-9AD6-4D5A-B4C8-45487D1EC80F}"
EndProject
Global
	GlobalSection(SolutionConfigurationPlatforms) = preSolution
		Debug|Any CPU = Debug|Any CPU
		Release|Any CPU = Release|Any CPU
	EndGlobalSection
	GlobalSection(ProjectConfigurationPlatforms) = postSolution
		{E33FD013-DC4E-410F-AABD-685C2CDA0DF3}.Debug|Any CPU.ActiveCfg = Debug|Any CPU
		{E33FD013-DC4E-410F-AABD-685C2CDA0DF3}.Debug|Any CPU.Build.0 = Debug|Any CPU
		{E33FD013-DC4E-410F-AABD-685C2CDA0DF3}.Release|Any CPU.ActiveCfg = Release|Any CPU
		{E33FD013-DC4E-410F-AABD-685C2CDA0DF3}.Release|Any CPU.Build.0 = Release|Any CPU
		{E5F5936E-9BCA-4AE3-8210-ED2CC9A183AE}.Debug|Any CPU.ActiveCfg = Debug|Any CPU
		{E5F5936E-9BCA-4AE3-8210-ED2CC9A183AE}.Debug|Any CPU.Build.0 = Debug|Any CPU
		{E5F5936E-9BCA-4AE3-8210-ED2CC9A183AE}.Release|Any CPU.ActiveCfg = Release|Any CPU
		{E5F5936E-9BCA-4AE3-8210-ED2CC9A183AE}.Release|Any CPU.Build.0 = Release|Any CPU
		{54DCF4E5-05F7-42E4-96D4-FDC1EEEF841C}.Debug|Any CPU.ActiveCfg = Debug|Any CPU
		{54DCF4E5-05F7-42E4-96D4-FDC1EEEF841C}.Debug|Any CPU.Build.0 = Debug|Any CPU
		{54DCF4E5-05F7-42E4-96D4-FDC1EEEF841C}.Release|Any CPU.ActiveCfg = Release|Any CPU
		{54DCF4E5-05F7-42E4-96D4-FDC1EEEF841C}.Release|Any CPU.Build.0 = Release|Any CPU
		{FBBED854-5560-45C9-A4FC-BAD754E12393}.Debug|Any CPU.ActiveCfg = Debug|Any CPU
		{FBBED854-5560-45C9-A4FC-BAD754E12393}.Debug|Any CPU.Build.0 = Debug|Any CPU
		{FBBED854-5560-45C9-A4FC-BAD754E12393}.Release|Any CPU.ActiveCfg = Release|Any CPU
		{FBBED854-5560-45C9-A4FC-BAD754E12393}.Release|Any CPU.Build.0 = Release|Any CPU
		{A8B76633-2FFE-4128-9F2A-9B23B93DF553}.Debug|Any CPU.ActiveCfg = Debug|Any CPU
		{A8B76633-2FFE-4128-9F2A-9B23B93DF553}.Debug|Any CPU.Build.0 = Debug|Any CPU
		{A8B76633-2FFE-4128-9F2A-9B23B93DF553}.Release|Any CPU.ActiveCfg = Release|Any CPU
		{A8B76633-2FFE-4128-9F2A-9B23B93DF553}.Release|Any CPU.Build.0 = Release|Any CPU
		{E6795D89-9AD6-4D5A-B4C8-45487D1EC80F}.Debug|Any CPU.ActiveCfg = Debug|Any CPU
		{E6795D89-9AD6-4D5A-B4C8-45487D1EC80F}.Debug|Any CPU.Build.0 = Debug|Any CPU
		{E6795D89-9AD6-4D5A-B4C8-45487D1EC80F}.Release|Any CPU.ActiveCfg = Release|Any CPU
		{E6795D89-9AD6-4D5A-B4C8-45487D1EC80F}.Release|Any CPU.Build.0 = Release|Any CPU
	EndGlobalSection
	GlobalSection(SolutionProperties) = preSolution
		HideSolutionNode = FALSE
	EndGlobalSection
	GlobalSection(ExtensibilityGlobals) = postSolution
		SolutionGuid = {12E67305-1F63-42A9-9F85-744197BAE4F0}
	EndGlobalSection
EndGlobal
